
Microsoft Visual Studio Solution File, Format Version 12.00
# Visual Studio Version 17
VisualStudioVersion = 17.13.35828.75
MinimumVisualStudioVersion = 10.0.40219.1
Project("{FAE04EC0-301F-11D3-BF4B-00C04F79EFBC}") = "TaskFlow.CQRS.Api", "src\TaskFlow.CQRS.Api\TaskFlow.CQRS.Api.csproj", "{F08BB2C4-5AEE-CBBB-96C1-A59D86663B4E}"
EndProject
Project("{FAE04EC0-301F-11D3-BF4B-00C04F79EFBC}") = "TaskFlow.CQRS.Application", "src\TaskFlow.CQRS.Application\TaskFlow.CQRS.Application.csproj", "{F8227739-DE12-973C-4406-4B458798CFD3}"
EndProject
Project("{FAE04EC0-301F-11D3-BF4B-00C04F79EFBC}") = "TaskFlow.CQRS.Infra", "src\TaskFlow.CQRS.Infra\TaskFlow.CQRS.Infra.csproj", "{278CF6DD-0DB9-2D40-704F-239F2333BACD}"
EndProject
Project("{FAE04EC0-301F-11D3-BF4B-00C04F79EFBC}") = "TaskFlow.CQRS.Data", "src\TaskFlow.CQRS.Data\TaskFlow.CQRS.Data.csproj", "{4650FDC2-0A34-9001-F528-AAFA15C9EEEC}"
EndProject
Global
	GlobalSection(SolutionConfigurationPlatforms) = preSolution
		Debug|Any CPU = Debug|Any CPU
		Release|Any CPU = Release|Any CPU
	EndGlobalSection
	GlobalSection(ProjectConfigurationPlatforms) = postSolution
		{F08BB2C4-5AEE-CBBB-96C1-A59D86663B4E}.Debug|Any CPU.ActiveCfg = Debug|Any CPU
		{F08BB2C4-5AEE-CBBB-96C1-A59D86663B4E}.Debug|Any CPU.Build.0 = Debug|Any CPU
		{F08BB2C4-5AEE-CBBB-96C1-A59D86663B4E}.Release|Any CPU.ActiveCfg = Release|Any CPU
		{F08BB2C4-5AEE-CBBB-96C1-A59D86663B4E}.Release|Any CPU.Build.0 = Release|Any CPU
		{F8227739-DE12-973C-4406-4B458798CFD3}.Debug|Any CPU.ActiveCfg = Debug|Any CPU
		{F8227739-DE12-973C-4406-4B458798CFD3}.Debug|Any CPU.Build.0 = Debug|Any CPU
		{F8227739-DE12-973C-4406-4B458798CFD3}.Release|Any CPU.ActiveCfg = Release|Any CPU
		{F8227739-DE12-973C-4406-4B458798CFD3}.Release|Any CPU.Build.0 = Release|Any CPU
		{278CF6DD-0DB9-2D40-704F-239F2333BACD}.Debug|Any CPU.ActiveCfg = Debug|Any CPU
		{278CF6DD-0DB9-2D40-704F-239F2333BACD}.Debug|Any CPU.Build.0 = Debug|Any CPU
		{278CF6DD-0DB9-2D40-704F-239F2333BACD}.Release|Any CPU.ActiveCfg = Release|Any CPU
		{278CF6DD-0DB9-2D40-704F-239F2333BACD}.Release|Any CPU.Build.0 = Release|Any CPU
		{4650FDC2-0A34-9001-F528-AAFA15C9EEEC}.Debug|Any CPU.ActiveCfg = Debug|Any CPU
		{4650FDC2-0A34-9001-F528-AAFA15C9EEEC}.Debug|Any CPU.Build.0 = Debug|Any CPU
		{4650FDC2-0A34-9001-F528-AAFA15C9EEEC}.Release|Any CPU.ActiveCfg = Release|Any CPU
		{4650FDC2-0A34-9001-F528-AAFA15C9EEEC}.Release|Any CPU.Build.0 = Release|Any CPU
	EndGlobalSection
	GlobalSection(SolutionProperties) = preSolution
		HideSolutionNode = FALSE
	EndGlobalSection
	GlobalSection(ExtensibilityGlobals) = postSolution
		SolutionGuid = {DF974034-082C-499E-826C-D9A69B12061A}
	EndGlobalSection
EndGlobal
